
Microsoft Visual Studio Solution File, Format Version 12.00
# Visual Studio 2013
VisualStudioVersion = 12.0.21005.1
MinimumVisualStudioVersion = 10.0.40219.1
Project("{FAE04EC0-301F-11D3-BF4B-00C04F79EFBC}") = "Proyecto POO Cliente", "Proyecto POO\Proyecto POO Cliente.csproj", "{7AD2917B-6E8B-4055-8111-557DF113B655}"
EndProject
Project("{FAE04EC0-301F-11D3-BF4B-00C04F79EFBC}") = "Librerias", "..\Librerias\Librerias\Librerias.csproj", "{D10C8907-2527-4F36-AFB3-BAC2DD48E664}"
EndProject
Global
	GlobalSection(SolutionConfigurationPlatforms) = preSolution
		Debug|Any CPU = Debug|Any CPU
		Release|Any CPU = Release|Any CPU
	EndGlobalSection
	GlobalSection(ProjectConfigurationPlatforms) = postSolution
		{7AD2917B-6E8B-4055-8111-557DF113B655}.Debug|Any CPU.ActiveCfg = Debug|Any CPU
		{7AD2917B-6E8B-4055-8111-557DF113B655}.Debug|Any CPU.Build.0 = Debug|Any CPU
		{7AD2917B-6E8B-4055-8111-557DF113B655}.Release|Any CPU.ActiveCfg = Release|Any CPU
		{7AD2917B-6E8B-4055-8111-557DF113B655}.Release|Any CPU.Build.0 = Release|Any CPU
		{D10C8907-2527-4F36-AFB3-BAC2DD48E664}.Debug|Any CPU.ActiveCfg = Debug|Any CPU
		{D10C8907-2527-4F36-AFB3-BAC2DD48E664}.Debug|Any CPU.Build.0 = Debug|Any CPU
		{D10C8907-2527-4F36-AFB3-BAC2DD48E664}.Release|Any CPU.ActiveCfg = Release|Any CPU
		{D10C8907-2527-4F36-AFB3-BAC2DD48E664}.Release|Any CPU.Build.0 = Release|Any CPU
	EndGlobalSection
	GlobalSection(SolutionProperties) = preSolution
		HideSolutionNode = FALSE
	EndGlobalSection
EndGlobal
